# branch container-toolkit
# version 1.20.1
# repository https://nvidia.github.io/libnvidia-container/stable/rpm/x86_64/
77eeec312cd9ed462ad45bf91f810f2f8b6d8d40808d1f6f498fd1e0d3f13966  https://nvidia.github.io/libnvidia-container/stable/rpm/x86_64/libnvidia-container-tools-1.20.1-1.x86_64.rpm
687b1954f9d864af079c4f3eb7533f78555154df2d584159b2a74bcbbc02c304  https://nvidia.github.io/libnvidia-container/stable/rpm/x86_64/libnvidia-container1-1.20.1-1.x86_64.rpm
6b3e062144a779080a92e9534afea1ff1b6ef1cb35a0fc4ce6147e46b6fdb842  https://nvidia.github.io/libnvidia-container/stable/rpm/x86_64/nvidia-container-toolkit-1.20.1-1.x86_64.rpm
1aa930baa3c6e7b8b054608b84e1645f13dd7c0f2f5f0724728780156bf102c3  https://nvidia.github.io/libnvidia-container/stable/rpm/x86_64/nvidia-container-toolkit-base-1.20.1-1.x86_64.rpm
