# branch legacy
# version 580.178.04
# repository https://download1.rpmfusion.org/nonfree/fedora/updates/43/x86_64/
526db18b4a7bf0e180b492d2f91ce96420521d12e739c2e7fdc1780fb6b51d6e  https://download1.rpmfusion.org/nonfree/fedora/updates/43/x86_64/n/nvidia-modprobe-580.178.04-1.fc43.x86_64.rpm
e60fba89f0f9778b2dbf1e425e82857046a6bcc79fd19760c5b4a78eea9ac678  https://download1.rpmfusion.org/nonfree/fedora/updates/43/x86_64/n/nvidia-persistenced-580.178.04-1.fc43.x86_64.rpm
07e327c4a79ba846c4470d03b5a8cb551effeb061da2311b31dc8d5f22977dac  https://download1.rpmfusion.org/nonfree/fedora/updates/43/x86_64/n/nvidia-settings-580.178.04-1.fc43.x86_64.rpm
a04d08a46d88d6f6fbb5573a9fe0e8e16d015cbb3772d5c392f00bc4f83da985  https://download1.rpmfusion.org/nonfree/fedora/updates/43/x86_64/x/xorg-x11-drv-nvidia-580.178.04-1.fc43.x86_64.rpm
092450818e0c30604412d1d4c1048ba8316f6b7ab09f84226a8ba31d954960e5  https://download1.rpmfusion.org/nonfree/fedora/updates/43/x86_64/x/xorg-x11-drv-nvidia-cuda-580.178.04-1.fc43.x86_64.rpm
9f3e046dbeaf71050594d9b28ed74d76fdb387abc7249cd689f31a56518867af  https://download1.rpmfusion.org/nonfree/fedora/updates/43/x86_64/x/xorg-x11-drv-nvidia-cuda-libs-580.178.04-1.fc43.x86_64.rpm
47eee63760b17d82bfb2bae8243dc132718e4aa808fd7665693ca8a1c727f5bb  https://download1.rpmfusion.org/nonfree/fedora/updates/43/x86_64/x/xorg-x11-drv-nvidia-libs-580.178.04-1.fc43.x86_64.rpm
